
Microsoft Visual Studio Solution File, Format Version 12.00
# Visual Studio 14
VisualStudioVersion = 14.0.23107.0
MinimumVisualStudioVersion = 10.0.40219.1
Project("{FAE04EC0-301F-11D3-BF4B-00C04F79EFBC}") = "1_PC12_TP7", "1_PC12_TP7\1_PC12_TP7.csproj", "{B08E97FA-BEE3-452E-A652-01889ABD87E7}"
EndProject
Global
	GlobalSection(SolutionConfigurationPlatforms) = preSolution
		Debug|Any CPU = Debug|Any CPU
		Release|Any CPU = Release|Any CPU
	EndGlobalSection
	GlobalSection(ProjectConfigurationPlatforms) = postSolution
		{B08E97FA-BEE3-452E-A652-01889ABD87E7}.Debug|Any CPU.ActiveCfg = Debug|Any CPU
		{B08E97FA-BEE3-452E-A652-01889ABD87E7}.Debug|Any CPU.Build.0 = Debug|Any CPU
		{B08E97FA-BEE3-452E-A652-01889ABD87E7}.Release|Any CPU.ActiveCfg = Release|Any CPU
		{B08E97FA-BEE3-452E-A652-01889ABD87E7}.Release|Any CPU.Build.0 = Release|Any CPU
	EndGlobalSection
	GlobalSection(SolutionProperties) = preSolution
		HideSolutionNode = FALSE
	EndGlobalSection
EndGlobal
